
Microsoft Visual Studio Solution File, Format Version 12.00
# Visual Studio Version 17
VisualStudioVersion = 17.3.32929.385
MinimumVisualStudioVersion = 10.0.40219.1
Project("{FAE04EC0-301F-11D3-BF4B-00C04F79EFBC}") = "MockEquipment.Api", "MockEquipment.Api\MockEquipment.Api.csproj", "{FE4467DF-A3CE-401E-869B-3C2A71FF66E5}"
EndProject
Global
	GlobalSection(SolutionConfigurationPlatforms) = preSolution
		Debug|Any CPU = Debug|Any CPU
		Release|Any CPU = Release|Any CPU
	EndGlobalSection
	GlobalSection(ProjectConfigurationPlatforms) = postSolution
		{FE4467DF-A3CE-401E-869B-3C2A71FF66E5}.Debug|Any CPU.ActiveCfg = Debug|Any CPU
		{FE4467DF-A3CE-401E-869B-3C2A71FF66E5}.Debug|Any CPU.Build.0 = Debug|Any CPU
		{FE4467DF-A3CE-401E-869B-3C2A71FF66E5}.Release|Any CPU.ActiveCfg = Release|Any CPU
		{FE4467DF-A3CE-401E-869B-3C2A71FF66E5}.Release|Any CPU.Build.0 = Release|Any CPU
	EndGlobalSection
	GlobalSection(SolutionProperties) = preSolution
		HideSolutionNode = FALSE
	EndGlobalSection
	GlobalSection(ExtensibilityGlobals) = postSolution
		SolutionGuid = {61ED2047-6218-4D1E-B8FE-D0FB2E1EB260}
	EndGlobalSection
EndGlobal
